// !$*UTF8*$!
{
	archiveVersion = 1;
	classes = {
	};
	objectVersion = 51;
	objects = {

/* Begin PBXBuildFile section */
		595A945EC9DB8C4666191C92 /* Pods_Bayad_Promos.framework in Frameworks */ = {isa = PBXBuildFile; fileRef = FF183460B7E950F0B3BF1B26 /* Pods_Bayad_Promos.framework */; };
		D0E6C51226CCD104001840C1 /* AppDelegate.swift in Sources */ = {isa = PBXBuildFile; fileRef = D0E6C51126CCD104001840C1 /* AppDelegate.swift */; };
		D0E6C51426CCD104001840C1 /* SceneDelegate.swift in Sources */ = {isa = PBXBuildFile; fileRef = D0E6C51326CCD104001840C1 /* SceneDelegate.swift */; };
		D0E6C51626CCD104001840C1 /* PromosListViewController.swift in Sources */ = {isa = PBXBuildFile; fileRef = D0E6C51526CCD104001840C1 /* PromosListViewController.swift */; };
		D0E6C51926CCD104001840C1 /* Main.storyboard in Resources */ = {isa = PBXBuildFile; fileRef = D0E6C51726CCD104001840C1 /* Main.storyboard */; };
		D0E6C51B26CCD10B001840C1 /* Assets.xcassets in Resources */ = {isa = PBXBuildFile; fileRef = D0E6C51A26CCD10B001840C1 /* Assets.xcassets */; };
		D0E6C51E26CCD10B001840C1 /* LaunchScreen.storyboard in Resources */ = {isa = PBXBuildFile; fileRef = D0E6C51C26CCD10B001840C1 /* LaunchScreen.storyboard */; };
		D0E6C52826CCD38A001840C1 /* Promo.swift in Sources */ = {isa = PBXBuildFile; fileRef = D0E6C52726CCD38A001840C1 /* Promo.swift */; };
		D0E6C53226CCDABC001840C1 /* PromoNetworkService.swift in Sources */ = {isa = PBXBuildFile; fileRef = D0E6C53126CCDABC001840C1 /* PromoNetworkService.swift */; };
		D0E6C53C26CCE50C001840C1 /* PromoTableViewCell.swift in Sources */ = {isa = PBXBuildFile; fileRef = D0E6C53B26CCE50C001840C1 /* PromoTableViewCell.swift */; };
		D0E6C53F26CCFB75001840C1 /* PromoDetailsViewController.swift in Sources */ = {isa = PBXBuildFile; fileRef = D0E6C53E26CCFB75001840C1 /* PromoDetailsViewController.swift */; };
		D0E6C54326CD05A1001840C1 /* PUTPromoRequest.swift in Sources */ = {isa = PBXBuildFile; fileRef = D0E6C54226CD05A1001840C1 /* PUTPromoRequest.swift */; };
/* End PBXBuildFile section */

/* Begin PBXFileReference section */
		0550973BC594C13674CE42FA /* Pods-Bayad Promos.release.xcconfig */ = {isa = PBXFileReference; includeInIndex = 1; lastKnownFileType = text.xcconfig; name = "Pods-Bayad Promos.release.xcconfig"; path = "Target Support Files/Pods-Bayad Promos/Pods-Bayad Promos.release.xcconfig"; sourceTree = "<group>"; };
		C33EDF30DBBCE7658EEB6C94 /* Pods-Bayad Promos.debug.xcconfig */ = {isa = PBXFileReference; includeInIndex = 1; lastKnownFileType = text.xcconfig; name = "Pods-Bayad Promos.debug.xcconfig"; path = "Target Support Files/Pods-Bayad Promos/Pods-Bayad Promos.debug.xcconfig"; sourceTree = "<group>"; };
		D0E6C50E26CCD104001840C1 /* Bayad Promos.app */ = {isa = PBXFileReference; explicitFileType = wrapper.application; includeInIndex = 0; path = "Bayad Promos.app"; sourceTree = BUILT_PRODUCTS_DIR; };
		D0E6C51126CCD104001840C1 /* AppDelegate.swift */ = {isa = PBXFileReference; lastKnownFileType = sourcecode.swift; path = AppDelegate.swift; sourceTree = "<group>"; };
		D0E6C51326CCD104001840C1 /* SceneDelegate.swift */ = {isa = PBXFileReference; lastKnownFileType = sourcecode.swift; path = SceneDelegate.swift; sourceTree = "<group>"; };
		D0E6C51526CCD104001840C1 /* PromosListViewController.swift */ = {isa = PBXFileReference; lastKnownFileType = sourcecode.swift; path = PromosListViewController.swift; sourceTree = "<group>"; };
		D0E6C51826CCD104001840C1 /* Base */ = {isa = PBXFileReference; lastKnownFileType = file.storyboard; name = Base; path = Base.lproj/Main.storyboard; sourceTree = "<group>"; };
		D0E6C51A26CCD10B001840C1 /* Assets.xcassets */ = {isa = PBXFileReference; lastKnownFileType = folder.assetcatalog; path = Assets.xcassets; sourceTree = "<group>"; };
		D0E6C51D26CCD10B001840C1 /* Base */ = {isa = PBXFileReference; lastKnownFileType = file.storyboard; name = Base; path = Base.lproj/LaunchScreen.storyboard; sourceTree = "<group>"; };
		D0E6C51F26CCD10B001840C1 /* Info.plist */ = {isa = PBXFileReference; lastKnownFileType = text.plist.xml; path = Info.plist; sourceTree = "<group>"; };
		D0E6C52726CCD38A001840C1 /* Promo.swift */ = {isa = PBXFileReference; lastKnownFileType = sourcecode.swift; path = Promo.swift; sourceTree = "<group>"; };
		D0E6C53126CCDABC001840C1 /* PromoNetworkService.swift */ = {isa = PBXFileReference; lastKnownFileType = sourcecode.swift; path = PromoNetworkService.swift; sourceTree = "<group>"; };
		D0E6C53B26CCE50C001840C1 /* PromoTableViewCell.swift */ = {isa = PBXFileReference; lastKnownFileType = sourcecode.swift; path = PromoTableViewCell.swift; sourceTree = "<group>"; };
		D0E6C53E26CCFB75001840C1 /* PromoDetailsViewController.swift */ = {isa = PBXFileReference; lastKnownFileType = sourcecode.swift; path = PromoDetailsViewController.swift; sourceTree = "<group>"; };
		D0E6C54226CD05A1001840C1 /* PUTPromoRequest.swift */ = {isa = PBXFileReference; lastKnownFileType = sourcecode.swift; path = PUTPromoRequest.swift; sourceTree = "<group>"; };
		FF183460B7E950F0B3BF1B26 /* Pods_Bayad_Promos.framework */ = {isa = PBXFileReference; explicitFileType = wrapper.framework; includeInIndex = 0; path = Pods_Bayad_Promos.framework; sourceTree = BUILT_PRODUCTS_DIR; };
/* End PBXFileReference section */

/* Begin PBXFrameworksBuildPhase section */
		D0E6C50B26CCD104001840C1 /* Frameworks */ = {
			isa = PBXFrameworksBuildPhase;
			buildActionMask = 2147483647;
			files = (
				595A945EC9DB8C4666191C92 /* Pods_Bayad_Promos.framework in Frameworks */,
			);
			runOnlyForDeploymentPostprocessing = 0;
		};
/* End PBXFrameworksBuildPhase section */

/* Begin PBXGroup section */
		D0E6C50526CCD104001840C1 = {
			isa = PBXGroup;
			children = (
				D0E6C51026CCD104001840C1 /* Bayad Promos */,
				D0E6C50F26CCD104001840C1 /* Products */,
				D90C9F1B5B6FA4E7807F3E1D /* Pods */,
				F5ACA6D43D9962BF39C7480A /* Frameworks */,
			);
			sourceTree = "<group>";
		};
		D0E6C50F26CCD104001840C1 /* Products */ = {
			isa = PBXGroup;
			children = (
				D0E6C50E26CCD104001840C1 /* Bayad Promos.app */,
			);
			name = Products;
			sourceTree = "<group>";
		};
		D0E6C51026CCD104001840C1 /* Bayad Promos */ = {
			isa = PBXGroup;
			children = (
				D0E6C54626CD20FE001840C1 /* Controllers */,
				D0E6C52B26CCD6C5001840C1 /* Requests */,
				D0E6C52626CCD372001840C1 /* Models */,
				D0E6C51126CCD104001840C1 /* AppDelegate.swift */,
				D0E6C51326CCD104001840C1 /* SceneDelegate.swift */,
				D0E6C51726CCD104001840C1 /* Main.storyboard */,
				D0E6C51A26CCD10B001840C1 /* Assets.xcassets */,
				D0E6C51C26CCD10B001840C1 /* LaunchScreen.storyboard */,
				D0E6C51F26CCD10B001840C1 /* Info.plist */,
				D0E6C53126CCDABC001840C1 /* PromoNetworkService.swift */,
				D0E6C53B26CCE50C001840C1 /* PromoTableViewCell.swift */,
			);
			path = "Bayad Promos";
			sourceTree = "<group>";
		};
		D0E6C52626CCD372001840C1 /* Models */ = {
			isa = PBXGroup;
			children = (
				D0E6C52726CCD38A001840C1 /* Promo.swift */,
			);
			path = Models;
			sourceTree = "<group>";
		};
		D0E6C52B26CCD6C5001840C1 /* Requests */ = {
			isa = PBXGroup;
			children = (
				D0E6C54226CD05A1001840C1 /* PUTPromoRequest.swift */,
			);
			path = Requests;
			sourceTree = "<group>";
		};
		D0E6C54626CD20FE001840C1 /* Controllers */ = {
			isa = PBXGroup;
			children = (
				D0E6C51526CCD104001840C1 /* PromosListViewController.swift */,
				D0E6C53E26CCFB75001840C1 /* PromoDetailsViewController.swift */,
			);
			path = Controllers;
			sourceTree = "<group>";
		};
		D90C9F1B5B6FA4E7807F3E1D /* Pods */ = {
			isa = PBXGroup;
			children = (
				C33EDF30DBBCE7658EEB6C94 /* Pods-Bayad Promos.debug.xcconfig */,
				0550973BC594C13674CE42FA /* Pods-Bayad Promos.release.xcconfig */,
			);
			path = Pods;
			sourceTree = "<group>";
		};
		F5ACA6D43D9962BF39C7480A /* Frameworks */ = {
			isa = PBXGroup;
			children = (
				FF183460B7E950F0B3BF1B26 /* Pods_Bayad_Promos.framework */,
			);
			name = Frameworks;
			sourceTree = "<group>";
		};
/* End PBXGroup section */

/* Begin PBXNativeTarget section */
		D0E6C50D26CCD104001840C1 /* Bayad Promos */ = {
			isa = PBXNativeTarget;
			buildConfigurationList = D0E6C52226CCD10B001840C1 /* Build configuration list for PBXNativeTarget "Bayad Promos" */;
			buildPhases = (
				4335A2D2E99E500C26EDF272 /* [CP] Check Pods Manifest.lock */,
				D0E6C50A26CCD104001840C1 /* Sources */,
				D0E6C50B26CCD104001840C1 /* Frameworks */,
				D0E6C50C26CCD104001840C1 /* Resources */,
				5B54C0E46FDCF525B9DC00A6 /* [CP] Embed Pods Frameworks */,
			);
			buildRules = (
			);
			dependencies = (
			);
			name = "Bayad Promos";
			productName = "Bayad Promos";
			productReference = D0E6C50E26CCD104001840C1 /* Bayad Promos.app */;
			productType = "com.apple.product-type.application";
		};
/* End PBXNativeTarget section */

/* Begin PBXProject section */
		D0E6C50626CCD104001840C1 /* Project object */ = {
			isa = PBXProject;
			attributes = {
				LastSwiftUpdateCheck = 1240;
				LastUpgradeCheck = 1240;
				TargetAttributes = {
					D0E6C50D26CCD104001840C1 = {
						CreatedOnToolsVersion = 12.4;
					};
				};
			};
			buildConfigurationList = D0E6C50926CCD104001840C1 /* Build configuration list for PBXProject "Bayad Promos" */;
			compatibilityVersion = "Xcode 9.3";
			developmentRegion = en;
			hasScannedForEncodings = 0;
			knownRegions = (
				en,
				Base,
			);
			mainGroup = D0E6C50526CCD104001840C1;
			productRefGroup = D0E6C50F26CCD104001840C1 /* Products */;
			projectDirPath = "";
			projectRoot = "";
			targets = (
				D0E6C50D26CCD104001840C1 /* Bayad Promos */,
			);
		};
/* End PBXProject section */

/* Begin PBXResourcesBuildPhase section */
		D0E6C50C26CCD104001840C1 /* Resources */ = {
			isa = PBXResourcesBuildPhase;
			buildActionMask = 2147483647;
			files = (
				D0E6C51E26CCD10B001840C1 /* LaunchScreen.storyboard in Resources */,
				D0E6C51B26CCD10B001840C1 /* Assets.xcassets in Resources */,
				D0E6C51926CCD104001840C1 /* Main.storyboard in Resources */,
			);
			runOnlyForDeploymentPostprocessing = 0;
		};
/* End PBXResourcesBuildPhase section */

/* Begin PBXShellScriptBuildPhase section */
		4335A2D2E99E500C26EDF272 /* [CP] Check Pods Manifest.lock */ = {
			isa = PBXShellScriptBuildPhase;
			buildActionMask = 2147483647;
			files = (
			);
			inputFileListPaths = (
			);
			inputPaths = (
				"${PODS_PODFILE_DIR_PATH}/Podfile.lock",
				"${PODS_ROOT}/Manifest.lock",
			);
			name = "[CP] Check Pods Manifest.lock";
			outputFileListPaths = (
			);
			outputPaths = (
				"$(DERIVED_FILE_DIR)/Pods-Bayad Promos-checkManifestLockResult.txt",
			);
			runOnlyForDeploymentPostprocessing = 0;
			shellPath = /bin/sh;
			shellScript = "diff \"${PODS_PODFILE_DIR_PATH}/Podfile.lock\" \"${PODS_ROOT}/Manifest.lock\" > /dev/null\nif [ $? != 0 ] ; then\n    # print error to STDERR\n    echo \"error: The sandbox is not in sync with the Podfile.lock. Run 'pod install' or update your CocoaPods installation.\" >&2\n    exit 1\nfi\n# This output is used by Xcode 'outputs' to avoid re-running this script phase.\necho \"SUCCESS\" > \"${SCRIPT_OUTPUT_FILE_0}\"\n";
			showEnvVarsInLog = 0;
		};
		5B54C0E46FDCF525B9DC00A6 /* [CP] Embed Pods Frameworks */ = {
			isa = PBXShellScriptBuildPhase;
			buildActionMask = 2147483647;
			files = (
			);
			inputFileListPaths = (
				"${PODS_ROOT}/Target Support Files/Pods-Bayad Promos/Pods-Bayad Promos-frameworks-${CONFIGURATION}-input-files.xcfilelist",
			);
			name = "[CP] Embed Pods Frameworks";
			outputFileListPaths = (
				"${PODS_ROOT}/Target Support Files/Pods-Bayad Promos/Pods-Bayad Promos-frameworks-${CONFIGURATION}-output-files.xcfilelist",
			);
			runOnlyForDeploymentPostprocessing = 0;
			shellPath = /bin/sh;
			shellScript = "\"${PODS_ROOT}/Target Support Files/Pods-Bayad Promos/Pods-Bayad Promos-frameworks.sh\"\n";
			showEnvVarsInLog = 0;
		};
/* End PBXShellScriptBuildPhase section */

/* Begin PBXSourcesBuildPhase section */
		D0E6C50A26CCD104001840C1 /* Sources */ = {
			isa = PBXSourcesBuildPhase;
			buildActionMask = 2147483647;
			files = (
				D0E6C53C26CCE50C001840C1 /* PromoTableViewCell.swift in Sources */,
				D0E6C53226CCDABC001840C1 /* PromoNetworkService.swift in Sources */,
				D0E6C53F26CCFB75001840C1 /* PromoDetailsViewController.swift in Sources */,
				D0E6C51626CCD104001840C1 /* PromosListViewController.swift in Sources */,
				D0E6C51226CCD104001840C1 /* AppDelegate.swift in Sources */,
				D0E6C51426CCD104001840C1 /* SceneDelegate.swift in Sources */,
				D0E6C52826CCD38A001840C1 /* Promo.swift in Sources */,
				D0E6C54326CD05A1001840C1 /* PUTPromoRequest.swift in Sources */,
			);
			runOnlyForDeploymentPostprocessing = 0;
		};
/* End PBXSourcesBuildPhase section */

/* Begin PBXVariantGroup section */
		D0E6C51726CCD104001840C1 /* Main.storyboard */ = {
			isa = PBXVariantGroup;
			children = (
				D0E6C51826CCD104001840C1 /* Base */,
			);
			name = Main.storyboard;
			sourceTree = "<group>";
		};
		D0E6C51C26CCD10B001840C1 /* LaunchScreen.storyboard */ = {
			isa = PBXVariantGroup;
			children = (
				D0E6C51D26CCD10B001840C1 /* Base */,
			);
			name = LaunchScreen.storyboard;
			sourceTree = "<group>";
		};
/* End PBXVariantGroup section */

/* Begin XCBuildConfiguration section */
		D0E6C52026CCD10B001840C1 /* Debug */ = {
			isa = XCBuildConfiguration;
			buildSettings = {
				ALWAYS_SEARCH_USER_PATHS = NO;
				CLANG_ANALYZER_NONNULL = YES;
				CLANG_ANALYZER_NUMBER_OBJECT_CONVERSION = YES_AGGRESSIVE;
				CLANG_CXX_LANGUAGE_STANDARD = "gnu++14";
				CLANG_CXX_LIBRARY = "libc++";
				CLANG_ENABLE_MODULES = YES;
				CLANG_ENABLE_OBJC_ARC = YES;
				CLANG_ENABLE_OBJC_WEAK = YES;
				CLANG_WARN_BLOCK_CAPTURE_AUTORELEASING = YES;
				CLANG_WARN_BOOL_CONVERSION = YES;
				CLANG_WARN_COMMA = YES;
				CLANG_WARN_CONSTANT_CONVERSION = YES;
				CLANG_WARN_DEPRECATED_OBJC_IMPLEMENTATIONS = YES;
				CLANG_WARN_DIRECT_OBJC_ISA_USAGE = YES_ERROR;
				CLANG_WARN_DOCUMENTATION_COMMENTS = YES;
				CLANG_WARN_EMPTY_BODY = YES;
				CLANG_WARN_ENUM_CONVERSION = YES;
				CLANG_WARN_INFINITE_RECURSION = YES;
				CLANG_WARN_INT_CONVERSION = YES;
				CLANG_WARN_NON_LITERAL_NULL_CONVERSION = YES;
				CLANG_WARN_OBJC_IMPLICIT_RETAIN_SELF = YES;
				CLANG_WARN_OBJC_LITERAL_CONVERSION = YES;
				CLANG_WARN_OBJC_ROOT_CLASS = YES_ERROR;
				CLANG_WARN_QUOTED_INCLUDE_IN_FRAMEWORK_HEADER = YES;
				CLANG_WARN_RANGE_LOOP_ANALYSIS = YES;
				CLANG_WARN_STRICT_PROTOTYPES = YES;
				CLANG_WARN_SUSPICIOUS_MOVE = YES;
				CLANG_WARN_UNGUARDED_AVAILABILITY = YES_AGGRESSIVE;
				CLANG_WARN_UNREACHABLE_CODE = YES;
				CLANG_WARN__DUPLICATE_METHOD_MATCH = YES;
				COPY_PHASE_STRIP = NO;
				DEBUG_INFORMATION_FORMAT = dwarf;
				ENABLE_STRICT_OBJC_MSGSEND = YES;
				ENABLE_TESTABILITY = YES;
				GCC_C_LANGUAGE_STANDARD = gnu11;
				GCC_DYNAMIC_NO_PIC = NO;
				GCC_NO_COMMON_BLOCKS = YES;
				GCC_OPTIMIZATION_LEVEL = 0;
				GCC_PREPROCESSOR_DEFINITIONS = (
					"DEBUG=1",
					"$(inherited)",
				);
				GCC_WARN_64_TO_32_BIT_CONVERSION = YES;
				GCC_WARN_ABOUT_RETURN_TYPE = YES_ERROR;
				GCC_WARN_UNDECLARED_SELECTOR = YES;
				GCC_WARN_UNINITIALIZED_AUTOS = YES_AGGRESSIVE;
				GCC_WARN_UNUSED_FUNCTION = YES;
				GCC_WARN_UNUSED_VARIABLE = YES;
				IPHONEOS_DEPLOYMENT_TARGET = 14.4;
				MTL_ENABLE_DEBUG_INFO = INCLUDE_SOURCE;
				MTL_FAST_MATH = YES;
				ONLY_ACTIVE_ARCH = YES;
				SDKROOT = iphoneos;
				SWIFT_ACTIVE_COMPILATION_CONDITIONS = DEBUG;
				SWIFT_OPTIMIZATION_LEVEL = "-Onone";
			};
			name = Debug;
		};
		D0E6C52126CCD10B001840C1 /* Release */ = {
			isa = XCBuildConfiguration;
			buildSettings = {
				ALWAYS_SEARCH_USER_PATHS = NO;
				CLANG_ANALYZER_NONNULL = YES;
				CLANG_ANALYZER_NUMBER_OBJECT_CONVERSION = YES_AGGRESSIVE;
				CLANG_CXX_LANGUAGE_STANDARD = "gnu++14";
				CLANG_CXX_LIBRARY = "libc++";
				CLANG_ENABLE_MODULES = YES;
				CLANG_ENABLE_OBJC_ARC = YES;
				CLANG_ENABLE_OBJC_WEAK = YES;
				CLANG_WARN_BLOCK_CAPTURE_AUTORELEASING = YES;
				CLANG_WARN_BOOL_CONVERSION = YES;
				CLANG_WARN_COMMA = YES;
				CLANG_WARN_CONSTANT_CONVERSION = YES;
				CLANG_WARN_DEPRECATED_OBJC_IMPLEMENTATIONS = YES;
				CLANG_WARN_DIRECT_OBJC_ISA_USAGE = YES_ERROR;
				CLANG_WARN_DOCUMENTATION_COMMENTS = YES;
				CLANG_WARN_EMPTY_BODY = YES;
				CLANG_WARN_ENUM_CONVERSION = YES;
				CLANG_WARN_INFINITE_RECURSION = YES;
				CLANG_WARN_INT_CONVERSION = YES;
				CLANG_WARN_NON_LITERAL_NULL_CONVERSION = YES;
				CLANG_WARN_OBJC_IMPLICIT_RETAIN_SELF = YES;
				CLANG_WARN_OBJC_LITERAL_CONVERSION = YES;
				CLANG_WARN_OBJC_ROOT_CLASS = YES_ERROR;
				CLANG_WARN_QUOTED_INCLUDE_IN_FRAMEWORK_HEADER = YES;
				CLANG_WARN_RANGE_LOOP_ANALYSIS = YES;
				CLANG_WARN_STRICT_PROTOTYPES = YES;
				CLANG_WARN_SUSPICIOUS_MOVE = YES;
				CLANG_WARN_UNGUARDED_AVAILABILITY = YES_AGGRESSIVE;
				CLANG_WARN_UNREACHABLE_CODE = YES;
				CLANG_WARN__DUPLICATE_METHOD_MATCH = YES;
				COPY_PHASE_STRIP = NO;
				DEBUG_INFORMATION_FORMAT = "dwarf-with-dsym";
				ENABLE_NS_ASSERTIONS = NO;
				ENABLE_STRICT_OBJC_MSGSEND = YES;
				GCC_C_LANGUAGE_STANDARD = gnu11;
				GCC_NO_COMMON_BLOCKS = YES;
				GCC_WARN_64_TO_32_BIT_CONVERSION = YES;
				GCC_WARN_ABOUT_RETURN_TYPE = YES_ERROR;
				GCC_WARN_UNDECLARED_SELECTOR = YES;
				GCC_WARN_UNINITIALIZED_AUTOS = YES_AGGRESSIVE;
				GCC_WARN_UNUSED_FUNCTION = YES;
				GCC_WARN_UNUSED_VARIABLE = YES;
				IPHONEOS_DEPLOYMENT_TARGET = 14.4;
				MTL_ENABLE_DEBUG_INFO = NO;
				MTL_FAST_MATH = YES;
				SDKROOT = iphoneos;
				SWIFT_COMPILATION_MODE = wholemodule;
				SWIFT_OPTIMIZATION_LEVEL = "-O";
				VALIDATE_PRODUCT = YES;
			};
			name = Release;
		};
		D0E6C52326CCD10B001840C1 /* Debug */ = {
			isa = XCBuildConfiguration;
			baseConfigurationReference = C33EDF30DBBCE7658EEB6C94 /* Pods-Bayad Promos.debug.xcconfig */;
			buildSettings = {
				ASSETCATALOG_COMPILER_APPICON_NAME = AppIcon;
				ASSETCATALOG_COMPILER_GLOBAL_ACCENT_COLOR_NAME = AccentColor;
				CODE_SIGN_STYLE = Automatic;
				DEVELOPMENT_TEAM = B42N4T6XJD;
				INFOPLIST_FILE = "Bayad Promos/Info.plist";
				LD_RUNPATH_SEARCH_PATHS = (
					"$(inherited)",
					"@executable_path/Frameworks",
				);
				PRODUCT_BUNDLE_IDENTIFIER = "com.wystan.Bayad-Promos";
				PRODUCT_NAME = "$(TARGET_NAME)";
				SWIFT_VERSION = 5.0;
				TARGETED_DEVICE_FAMILY = "1,2";
			};
			name = Debug;
		};
		D0E6C52426CCD10B001840C1 /* Release */ = {
			isa = XCBuildConfiguration;
			baseConfigurationReference = 0550973BC594C13674CE42FA /* Pods-Bayad Promos.release.xcconfig */;
			buildSettings = {
				ASSETCATALOG_COMPILER_APPICON_NAME = AppIcon;
				ASSETCATALOG_COMPILER_GLOBAL_ACCENT_COLOR_NAME = AccentColor;
				CODE_SIGN_STYLE = Automatic;
				DEVELOPMENT_TEAM = B42N4T6XJD;
				INFOPLIST_FILE = "Bayad Promos/Info.plist";
				LD_RUNPATH_SEARCH_PATHS = (
					"$(inherited)",
					"@executable_path/Frameworks",
				);
				PRODUCT_BUNDLE_IDENTIFIER = "com.wystan.Bayad-Promos";
				PRODUCT_NAME = "$(TARGET_NAME)";
				SWIFT_VERSION = 5.0;
				TARGETED_DEVICE_FAMILY = "1,2";
			};
			name = Release;
		};
/* End XCBuildConfiguration section */

/* Begin XCConfigurationList section */
		D0E6C50926CCD104001840C1 /* Build configuration list for PBXProject "Bayad Promos" */ = {
			isa = XCConfigurationList;
			buildConfigurations = (
				D0E6C52026CCD10B001840C1 /* Debug */,
				D0E6C52126CCD10B001840C1 /* Release */,
			);
			defaultConfigurationIsVisible = 0;
			defaultConfigurationName = Release;
		};
		D0E6C52226CCD10B001840C1 /* Build configuration list for PBXNativeTarget "Bayad Promos" */ = {
			isa = XCConfigurationList;
			buildConfigurations = (
				D0E6C52326CCD10B001840C1 /* Debug */,
				D0E6C52426CCD10B001840C1 /* Release */,
			);
			defaultConfigurationIsVisible = 0;
			defaultConfigurationName = Release;
		};
/* End XCConfigurationList section */
	};
	rootObject = D0E6C50626CCD104001840C1 /* Project object */;
}
